
Microsoft Visual Studio Solution File, Format Version 12.00
# Visual Studio Version 16
VisualStudioVersion = 16.0.30204.135
MinimumVisualStudioVersion = 15.0.26124.0
Project("{9A19103F-16F7-4668-BE54-9A1E7A4F7556}") = "Xceed.Wpf.Toolkit", "Src\Xceed.Wpf.Toolkit\Xceed.Wpf.Toolkit.csproj", "{A956F3E3-8ADE-4DE9-9525-6DB2C75948C4}"
EndProject
Global
	GlobalSection(SolutionConfigurationPlatforms) = preSolution
		Debug|Any CPU = Debug|Any CPU
		Release|Any CPU = Release|Any CPU
	EndGlobalSection
	GlobalSection(ProjectConfigurationPlatforms) = postSolution
		{A956F3E3-8ADE-4DE9-9525-6DB2C75948C4}.Debug|Any CPU.ActiveCfg = Debug|Any CPU
		{A956F3E3-8ADE-4DE9-9525-6DB2C75948C4}.Debug|Any CPU.Build.0 = Debug|Any CPU
		{A956F3E3-8ADE-4DE9-9525-6DB2C75948C4}.Release|Any CPU.ActiveCfg = Release|Any CPU
		{A956F3E3-8ADE-4DE9-9525-6DB2C75948C4}.Release|Any CPU.Build.0 = Release|Any CPU
	EndGlobalSection
	GlobalSection(SolutionProperties) = preSolution
		HideSolutionNode = FALSE
	EndGlobalSection
	GlobalSection(ExtensibilityGlobals) = postSolution
		SolutionGuid = {6ED2E4EB-354B-458C-9F23-0FDB5B756B79}
	EndGlobalSection
EndGlobal
